<?xml version="1.0" encoding="utf-8"?>
<Project ToolsVersion="4.0" xmlns="http://schemas.microsoft.com/developer/msbuild/2003">
  <ItemGroup>
    <Filter Include="Source Files">
      <UniqueIdentifier>{4FC737F1-C7A5-4376-A066-2A32D752A2FF}</UniqueIdentifier>
      <Extensions>cpp;c;cc;cxx;def;odl;idl;hpj;bat;asm;asmx</Extensions>
    </Filter>
    <Filter Include="Header Files">
      <UniqueIdentifier>{93995380-89BD-4b04-88EB-625FBE52EBFB}</UniqueIdentifier>
      <Extensions>h;hpp;hxx;hm;inl;inc;xsd</Extensions>
    </Filter>
    <Filter Include="Resource Files">
      <UniqueIdentifier>{67DA6AB6-F800-4c08-8B7A-83BB121AAD01}</UniqueIdentifier>
      <Extensions>rc;ico;cur;bmp;dlg;rc2;rct;bin;rgs;gif;jpg;jpeg;jpe;resx;tiff;tif;png;wav</Extensions>
    </Filter>
  </ItemGroup>
  <ItemGroup>
    <ClCompile Include="..\Shared\BNode.cpp">
      <Filter>Source Files</Filter>
    </ClCompile>
    <ClCompile Include="..\Shared\Debug.cpp">
      <Filter>Source Files</Filter>
    </ClCompile>
    <ClCompile Include="DefragFreeUtils.cpp">
      <Filter>Source Files</Filter>
    </ClCompile>
    <ClCompile Include="DefragSmartUtils.cpp">
      <Filter>Source Files</Filter>
    </ClCompile>
    <ClCompile Include="DefragUtils.cpp">
      <Filter>Source Files</Filter>
    </ClCompile>
    <ClCompile Include="DisplayMap.cpp">
      <Filter>Source Files</Filter>
    </ClCompile>
    <ClCompile Include="DllMain.cpp">
      <Filter>Source Files</Filter>
    </ClCompile>
    <ClCompile Include="EngineCore.cpp">
      <Filter>Source Files</Filter>
    </ClCompile>
    <ClCompile Include="FatUtils.cpp">
      <Filter>Source Files</Filter>
    </ClCompile>
    <ClCompile Include="FileExContext.cpp">
      <Filter>Source Files</Filter>
    </ClCompile>
    <ClCompile Include="FileNames.cpp">
      <Filter>Source Files</Filter>
    </ClCompile>
    <ClCompile Include="HelperUtils.cpp">
      <Filter>Source Files</Filter>
    </ClCompile>
    <ClCompile Include="IoUtils.cpp">
      <Filter>Source Files</Filter>
    </ClCompile>
    <ClCompile Include="NtfsUtils.cpp">
      <Filter>Source Files</Filter>
    </ClCompile>
    <ClCompile Include="Statistic.cpp">
      <Filter>Source Files</Filter>
    </ClCompile>
    <ClCompile Include="stdafx.cpp">
      <Filter>Source Files</Filter>
    </ClCompile>
    <ClCompile Include="..\Shared\Unicode.cpp">
      <Filter>Source Files</Filter>
    </ClCompile>
  </ItemGroup>
  <ItemGroup>
    <ClInclude Include="..\Shared\Api.h">
      <Filter>Header Files</Filter>
    </ClInclude>
    <ClInclude Include="..\Shared\BNode.h">
      <Filter>Header Files</Filter>
    </ClInclude>
    <ClInclude Include="..\Shared\Debug.h">
      <Filter>Header Files</Filter>
    </ClInclude>
    <ClInclude Include="DefragFreeUtils.h">
      <Filter>Header Files</Filter>
    </ClInclude>
    <ClInclude Include="DefragSmartUtils.h">
      <Filter>Header Files</Filter>
    </ClInclude>
    <ClInclude Include="DefragUtils.h">
      <Filter>Header Files</Filter>
    </ClInclude>
    <ClInclude Include="DisplayMap.h">
      <Filter>Header Files</Filter>
    </ClInclude>
    <ClInclude Include="EngineApi.h">
      <Filter>Header Files</Filter>
    </ClInclude>
    <ClInclude Include="EngineCore.h">
      <Filter>Header Files</Filter>
    </ClInclude>
    <ClInclude Include="FatUtils.h">
      <Filter>Header Files</Filter>
    </ClInclude>
    <ClInclude Include="FileExContext.h">
      <Filter>Header Files</Filter>
    </ClInclude>
    <ClInclude Include="FileNames.h">
      <Filter>Header Files</Filter>
    </ClInclude>
    <ClInclude Include="HelperUtils.h">
      <Filter>Header Files</Filter>
    </ClInclude>
    <ClInclude Include="IoUtils.h">
      <Filter>Header Files</Filter>
    </ClInclude>
    <ClInclude Include="NtfsUtils.h">
      <Filter>Header Files</Filter>
    </ClInclude>
    <ClInclude Include="..\Shared\NtStruct.h">
      <Filter>Header Files</Filter>
    </ClInclude>
    <ClInclude Include="Statistic.h">
      <Filter>Header Files</Filter>
    </ClInclude>
    <ClInclude Include="stdafx.h">
      <Filter>Header Files</Filter>
    </ClInclude>
    <ClInclude Include="..\Shared\Unicode.h">
      <Filter>Header Files</Filter>
    </ClInclude>
    <ClInclude Include="..\Include\version.h">
      <Filter>Header Files</Filter>
    </ClInclude>
  </ItemGroup>
  <ItemGroup>
    <ResourceCompile Include="Engine.rc">
      <Filter>Resource Files</Filter>
    </ResourceCompile>
  </ItemGroup>
  <ItemGroup>
    <None Include="ReadMe.txt" />
  </ItemGroup>
</Project>